
Microsoft Visual Studio Solution File, Format Version 12.00
Project("{FAE04EC0-301F-11D3-BF4B-00C04F79EFBC}") = "AVR8Sharp", "AVR8Sharp\AVR8Sharp.csproj", "{57190D49-E276-4F05-863F-127E6196F6A9}"
EndProject
Project("{FAE04EC0-301F-11D3-BF4B-00C04F79EFBC}") = "Avr8SharpTests", "Avr8SharpTests\Avr8SharpTests.csproj", "{21C3F850-5473-49D3-BC02-DAF9D1519B77}"
EndProject
Project("{FAE04EC0-301F-11D3-BF4B-00C04F79EFBC}") = "Avr8SharpDemo", "Avr8SharpDemo\Avr8SharpDemo.csproj", "{F0985467-3B9F-4920-888F-49E7A0C63EF9}"
EndProject
Global
	GlobalSection(SolutionConfigurationPlatforms) = preSolution
		Debug|Any CPU = Debug|Any CPU
		Release|Any CPU = Release|Any CPU
	EndGlobalSection
	GlobalSection(ProjectConfigurationPlatforms) = postSolution
		{57190D49-E276-4F05-863F-127E6196F6A9}.Debug|Any CPU.ActiveCfg = Debug|Any CPU
		{57190D49-E276-4F05-863F-127E6196F6A9}.Debug|Any CPU.Build.0 = Debug|Any CPU
		{57190D49-E276-4F05-863F-127E6196F6A9}.Release|Any CPU.ActiveCfg = Release|Any CPU
		{57190D49-E276-4F05-863F-127E6196F6A9}.Release|Any CPU.Build.0 = Release|Any CPU
		{21C3F850-5473-49D3-BC02-DAF9D1519B77}.Debug|Any CPU.ActiveCfg = Debug|Any CPU
		{21C3F850-5473-49D3-BC02-DAF9D1519B77}.Debug|Any CPU.Build.0 = Debug|Any CPU
		{21C3F850-5473-49D3-BC02-DAF9D1519B77}.Release|Any CPU.ActiveCfg = Release|Any CPU
		{21C3F850-5473-49D3-BC02-DAF9D1519B77}.Release|Any CPU.Build.0 = Release|Any CPU
		{F0985467-3B9F-4920-888F-49E7A0C63EF9}.Debug|Any CPU.ActiveCfg = Debug|Any CPU
		{F0985467-3B9F-4920-888F-49E7A0C63EF9}.Debug|Any CPU.Build.0 = Debug|Any CPU
		{F0985467-3B9F-4920-888F-49E7A0C63EF9}.Release|Any CPU.ActiveCfg = Release|Any CPU
		{F0985467-3B9F-4920-888F-49E7A0C63EF9}.Release|Any CPU.Build.0 = Release|Any CPU
	EndGlobalSection
EndGlobal
